
Microsoft Visual Studio Solution File, Format Version 12.00
# Visual Studio 14
VisualStudioVersion = 14.0.22823.1
MinimumVisualStudioVersion = 10.0.40219.1
Project("{FAE04EC0-301F-11D3-BF4B-00C04F79EFBC}") = "DnnConnectXF", "DnnConnectXF\DnnConnectXF\DnnConnectXF.csproj", "{C59ADF76-14C6-4674-B1E0-BC4ED98EAEB1}"
EndProject
Project("{FAE04EC0-301F-11D3-BF4B-00C04F79EFBC}") = "DnnConnectXF.iOS", "DnnConnectXF\DnnConnectXF.iOS\DnnConnectXF.iOS.csproj", "{5D384C56-5EE4-429D-A84A-F41B94D61E51}"
EndProject
Project("{FAE04EC0-301F-11D3-BF4B-00C04F79EFBC}") = "DnnConnectXF.Droid", "DnnConnectXF\DnnConnectXF.Droid\DnnConnectXF.Droid.csproj", "{D4F7679B-CBB0-48E3-BF44-E1883F495ECB}"
EndProject
Project("{FAE04EC0-301F-11D3-BF4B-00C04F79EFBC}") = "DnnConnectXF.WinPhone", "DnnConnectXF\DnnConnectXF.WinPhone\DnnConnectXF.WinPhone.csproj", "{931126BD-8D09-4EAA-BF73-0BD1E628AB79}"
EndProject
Global
	GlobalSection(SolutionConfigurationPlatforms) = preSolution
		Ad-Hoc|Any CPU = Ad-Hoc|Any CPU
		Ad-Hoc|ARM = Ad-Hoc|ARM
		Ad-Hoc|iPhone = Ad-Hoc|iPhone
		Ad-Hoc|iPhoneSimulator = Ad-Hoc|iPhoneSimulator
		Ad-Hoc|x86 = Ad-Hoc|x86
		AppStore|Any CPU = AppStore|Any CPU
		AppStore|ARM = AppStore|ARM
		AppStore|iPhone = AppStore|iPhone
		AppStore|iPhoneSimulator = AppStore|iPhoneSimulator
		AppStore|x86 = AppStore|x86
		Debug|Any CPU = Debug|Any CPU
		Debug|ARM = Debug|ARM
		Debug|iPhone = Debug|iPhone
		Debug|iPhoneSimulator = Debug|iPhoneSimulator
		Debug|x86 = Debug|x86
		Release|Any CPU = Release|Any CPU
		Release|ARM = Release|ARM
		Release|iPhone = Release|iPhone
		Release|iPhoneSimulator = Release|iPhoneSimulator
		Release|x86 = Release|x86
	EndGlobalSection
	GlobalSection(ProjectConfigurationPlatforms) = postSolution
		{C59ADF76-14C6-4674-B1E0-BC4ED98EAEB1}.Ad-Hoc|Any CPU.ActiveCfg = Release|Any CPU
		{C59ADF76-14C6-4674-B1E0-BC4ED98EAEB1}.Ad-Hoc|Any CPU.Build.0 = Release|Any CPU
		{C59ADF76-14C6-4674-B1E0-BC4ED98EAEB1}.Ad-Hoc|ARM.ActiveCfg = Release|Any CPU
		{C59ADF76-14C6-4674-B1E0-BC4ED98EAEB1}.Ad-Hoc|ARM.Build.0 = Release|Any CPU
		{C59ADF76-14C6-4674-B1E0-BC4ED98EAEB1}.Ad-Hoc|iPhone.ActiveCfg = Release|Any CPU
		{C59ADF76-14C6-4674-B1E0-BC4ED98EAEB1}.Ad-Hoc|iPhone.Build.0 = Release|Any CPU
		{C59ADF76-14C6-4674-B1E0-BC4ED98EAEB1}.Ad-Hoc|iPhoneSimulator.ActiveCfg = Release|Any CPU
		{C59ADF76-14C6-4674-B1E0-BC4ED98EAEB1}.Ad-Hoc|iPhoneSimulator.Build.0 = Release|Any CPU
		{C59ADF76-14C6-4674-B1E0-BC4ED98EAEB1}.Ad-Hoc|x86.ActiveCfg = Release|Any CPU
		{C59ADF76-14C6-4674-B1E0-BC4ED98EAEB1}.Ad-Hoc|x86.Build.0 = Release|Any CPU
		{C59ADF76-14C6-4674-B1E0-BC4ED98EAEB1}.AppStore|Any CPU.ActiveCfg = Release|Any CPU
		{C59ADF76-14C6-4674-B1E0-BC4ED98EAEB1}.AppStore|Any CPU.Build.0 = Release|Any CPU
		{C59ADF76-14C6-4674-B1E0-BC4ED98EAEB1}.AppStore|ARM.ActiveCfg = Release|Any CPU
		{C59ADF76-14C6-4674-B1E0-BC4ED98EAEB1}.AppStore|ARM.Build.0 = Release|Any CPU
		{C59ADF76-14C6-4674-B1E0-BC4ED98EAEB1}.AppStore|iPhone.ActiveCfg = Release|Any CPU
		{C59ADF76-14C6-4674-B1E0-BC4ED98EAEB1}.AppStore|iPhone.Build.0 = Release|Any CPU
		{C59ADF76-14C6-4674-B1E0-BC4ED98EAEB1}.AppStore|iPhoneSimulator.ActiveCfg = Release|Any CPU
		{C59ADF76-14C6-4674-B1E0-BC4ED98EAEB1}.AppStore|iPhoneSimulator.Build.0 = Release|Any CPU
		{C59ADF76-14C6-4674-B1E0-BC4ED98EAEB1}.AppStore|x86.ActiveCfg = Release|Any CPU
		{C59ADF76-14C6-4674-B1E0-BC4ED98EAEB1}.AppStore|x86.Build.0 = Release|Any CPU
		{C59ADF76-14C6-4674-B1E0-BC4ED98EAEB1}.Debug|Any CPU.ActiveCfg = Debug|Any CPU
		{C59ADF76-14C6-4674-B1E0-BC4ED98EAEB1}.Debug|Any CPU.Build.0 = Debug|Any CPU
		{C59ADF76-14C6-4674-B1E0-BC4ED98EAEB1}.Debug|ARM.ActiveCfg = Debug|Any CPU
		{C59ADF76-14C6-4674-B1E0-BC4ED98EAEB1}.Debug|ARM.Build.0 = Debug|Any CPU
		{C59ADF76-14C6-4674-B1E0-BC4ED98EAEB1}.Debug|iPhone.ActiveCfg = Debug|Any CPU
		{C59ADF76-14C6-4674-B1E0-BC4ED98EAEB1}.Debug|iPhone.Build.0 = Debug|Any CPU
		{C59ADF76-14C6-4674-B1E0-BC4ED98EAEB1}.Debug|iPhoneSimulator.ActiveCfg = Debug|Any CPU
		{C59ADF76-14C6-4674-B1E0-BC4ED98EAEB1}.Debug|iPhoneSimulator.Build.0 = Debug|Any CPU
		{C59ADF76-14C6-4674-B1E0-BC4ED98EAEB1}.Debug|x86.ActiveCfg = Debug|Any CPU
		{C59ADF76-14C6-4674-B1E0-BC4ED98EAEB1}.Debug|x86.Build.0 = Debug|Any CPU
		{C59ADF76-14C6-4674-B1E0-BC4ED98EAEB1}.Release|Any CPU.ActiveCfg = Release|Any CPU
		{C59ADF76-14C6-4674-B1E0-BC4ED98EAEB1}.Release|Any CPU.Build.0 = Release|Any CPU
		{C59ADF76-14C6-4674-B1E0-BC4ED98EAEB1}.Release|ARM.ActiveCfg = Release|Any CPU
		{C59ADF76-14C6-4674-B1E0-BC4ED98EAEB1}.Release|ARM.Build.0 = Release|Any CPU
		{C59ADF76-14C6-4674-B1E0-BC4ED98EAEB1}.Release|iPhone.ActiveCfg = Release|Any CPU
		{C59ADF76-14C6-4674-B1E0-BC4ED98EAEB1}.Release|iPhone.Build.0 = Release|Any CPU
		{C59ADF76-14C6-4674-B1E0-BC4ED98EAEB1}.Release|iPhoneSimulator.ActiveCfg = Release|Any CPU
		{C59ADF76-14C6-4674-B1E0-BC4ED98EAEB1}.Release|iPhoneSimulator.Build.0 = Release|Any CPU
		{C59ADF76-14C6-4674-B1E0-BC4ED98EAEB1}.Release|x86.ActiveCfg = Release|Any CPU
		{C59ADF76-14C6-4674-B1E0-BC4ED98EAEB1}.Release|x86.Build.0 = Release|Any CPU
		{5D384C56-5EE4-429D-A84A-F41B94D61E51}.Ad-Hoc|Any CPU.ActiveCfg = Ad-Hoc|iPhone
		{5D384C56-5EE4-429D-A84A-F41B94D61E51}.Ad-Hoc|ARM.ActiveCfg = Ad-Hoc|iPhone
		{5D384C56-5EE4-429D-A84A-F41B94D61E51}.Ad-Hoc|iPhone.ActiveCfg = Ad-Hoc|iPhone
		{5D384C56-5EE4-429D-A84A-F41B94D61E51}.Ad-Hoc|iPhone.Build.0 = Ad-Hoc|iPhone
		{5D384C56-5EE4-429D-A84A-F41B94D61E51}.Ad-Hoc|iPhoneSimulator.ActiveCfg = Ad-Hoc|iPhoneSimulator
		{5D384C56-5EE4-429D-A84A-F41B94D61E51}.Ad-Hoc|iPhoneSimulator.Build.0 = Ad-Hoc|iPhoneSimulator
		{5D384C56-5EE4-429D-A84A-F41B94D61E51}.Ad-Hoc|x86.ActiveCfg = Ad-Hoc|iPhone
		{5D384C56-5EE4-429D-A84A-F41B94D61E51}.AppStore|Any CPU.ActiveCfg = AppStore|iPhone
		{5D384C56-5EE4-429D-A84A-F41B94D61E51}.AppStore|ARM.ActiveCfg = AppStore|iPhone
		{5D384C56-5EE4-429D-A84A-F41B94D61E51}.AppStore|iPhone.ActiveCfg = AppStore|iPhone
		{5D384C56-5EE4-429D-A84A-F41B94D61E51}.AppStore|iPhone.Build.0 = AppStore|iPhone
		{5D384C56-5EE4-429D-A84A-F41B94D61E51}.AppStore|iPhoneSimulator.ActiveCfg = AppStore|iPhoneSimulator
		{5D384C56-5EE4-429D-A84A-F41B94D61E51}.AppStore|iPhoneSimulator.Build.0 = AppStore|iPhoneSimulator
		{5D384C56-5EE4-429D-A84A-F41B94D61E51}.AppStore|x86.ActiveCfg = AppStore|iPhone
		{5D384C56-5EE4-429D-A84A-F41B94D61E51}.Debug|Any CPU.ActiveCfg = Debug|iPhone
		{5D384C56-5EE4-429D-A84A-F41B94D61E51}.Debug|ARM.ActiveCfg = Debug|iPhone
		{5D384C56-5EE4-429D-A84A-F41B94D61E51}.Debug|iPhone.ActiveCfg = Debug|iPhone
		{5D384C56-5EE4-429D-A84A-F41B94D61E51}.Debug|iPhone.Build.0 = Debug|iPhone
		{5D384C56-5EE4-429D-A84A-F41B94D61E51}.Debug|iPhoneSimulator.ActiveCfg = Debug|iPhoneSimulator
		{5D384C56-5EE4-429D-A84A-F41B94D61E51}.Debug|iPhoneSimulator.Build.0 = Debug|iPhoneSimulator
		{5D384C56-5EE4-429D-A84A-F41B94D61E51}.Debug|x86.ActiveCfg = Debug|iPhone
		{5D384C56-5EE4-429D-A84A-F41B94D61E51}.Release|Any CPU.ActiveCfg = Release|iPhone
		{5D384C56-5EE4-429D-A84A-F41B94D61E51}.Release|ARM.ActiveCfg = Release|iPhone
		{5D384C56-5EE4-429D-A84A-F41B94D61E51}.Release|iPhone.ActiveCfg = Release|iPhone
		{5D384C56-5EE4-429D-A84A-F41B94D61E51}.Release|iPhone.Build.0 = Release|iPhone
		{5D384C56-5EE4-429D-A84A-F41B94D61E51}.Release|iPhoneSimulator.ActiveCfg = Release|iPhoneSimulator
		{5D384C56-5EE4-429D-A84A-F41B94D61E51}.Release|iPhoneSimulator.Build.0 = Release|iPhoneSimulator
		{5D384C56-5EE4-429D-A84A-F41B94D61E51}.Release|x86.ActiveCfg = Release|iPhone
		{D4F7679B-CBB0-48E3-BF44-E1883F495ECB}.Ad-Hoc|Any CPU.ActiveCfg = Release|Any CPU
		{D4F7679B-CBB0-48E3-BF44-E1883F495ECB}.Ad-Hoc|Any CPU.Build.0 = Release|Any CPU
		{D4F7679B-CBB0-48E3-BF44-E1883F495ECB}.Ad-Hoc|Any CPU.Deploy.0 = Release|Any CPU
		{D4F7679B-CBB0-48E3-BF44-E1883F495ECB}.Ad-Hoc|ARM.ActiveCfg = Release|Any CPU
		{D4F7679B-CBB0-48E3-BF44-E1883F495ECB}.Ad-Hoc|ARM.Build.0 = Release|Any CPU
		{D4F7679B-CBB0-48E3-BF44-E1883F495ECB}.Ad-Hoc|ARM.Deploy.0 = Release|Any CPU
		{D4F7679B-CBB0-48E3-BF44-E1883F495ECB}.Ad-Hoc|iPhone.ActiveCfg = Release|Any CPU
		{D4F7679B-CBB0-48E3-BF44-E1883F495ECB}.Ad-Hoc|iPhone.Build.0 = Release|Any CPU
		{D4F7679B-CBB0-48E3-BF44-E1883F495ECB}.Ad-Hoc|iPhone.Deploy.0 = Release|Any CPU
		{D4F7679B-CBB0-48E3-BF44-E1883F495ECB}.Ad-Hoc|iPhoneSimulator.ActiveCfg = Release|Any CPU
		{D4F7679B-CBB0-48E3-BF44-E1883F495ECB}.Ad-Hoc|iPhoneSimulator.Build.0 = Release|Any CPU
		{D4F7679B-CBB0-48E3-BF44-E1883F495ECB}.Ad-Hoc|iPhoneSimulator.Deploy.0 = Release|Any CPU
		{D4F7679B-CBB0-48E3-BF44-E1883F495ECB}.Ad-Hoc|x86.ActiveCfg = Release|Any CPU
		{D4F7679B-CBB0-48E3-BF44-E1883F495ECB}.Ad-Hoc|x86.Build.0 = Release|Any CPU
		{D4F7679B-CBB0-48E3-BF44-E1883F495ECB}.Ad-Hoc|x86.Deploy.0 = Release|Any CPU
		{D4F7679B-CBB0-48E3-BF44-E1883F495ECB}.AppStore|Any CPU.ActiveCfg = Release|Any CPU
		{D4F7679B-CBB0-48E3-BF44-E1883F495ECB}.AppStore|Any CPU.Build.0 = Release|Any CPU
		{D4F7679B-CBB0-48E3-BF44-E1883F495ECB}.AppStore|Any CPU.Deploy.0 = Release|Any CPU
		{D4F7679B-CBB0-48E3-BF44-E1883F495ECB}.AppStore|ARM.ActiveCfg = Release|Any CPU
		{D4F7679B-CBB0-48E3-BF44-E1883F495ECB}.AppStore|ARM.Build.0 = Release|Any CPU
		{D4F7679B-CBB0-48E3-BF44-E1883F495ECB}.AppStore|ARM.Deploy.0 = Release|Any CPU
		{D4F7679B-CBB0-48E3-BF44-E1883F495ECB}.AppStore|iPhone.ActiveCfg = Release|Any CPU
		{D4F7679B-CBB0-48E3-BF44-E1883F495ECB}.AppStore|iPhone.Build.0 = Release|Any CPU
		{D4F7679B-CBB0-48E3-BF44-E1883F495ECB}.AppStore|iPhone.Deploy.0 = Release|Any CPU
		{D4F7679B-CBB0-48E3-BF44-E1883F495ECB}.AppStore|iPhoneSimulator.ActiveCfg = Release|Any CPU
		{D4F7679B-CBB0-48E3-BF44-E1883F495ECB}.AppStore|iPhoneSimulator.Build.0 = Release|Any CPU
		{D4F7679B-CBB0-48E3-BF44-E1883F495ECB}.AppStore|iPhoneSimulator.Deploy.0 = Release|Any CPU
		{D4F7679B-CBB0-48E3-BF44-E1883F495ECB}.AppStore|x86.ActiveCfg = Release|Any CPU
		{D4F7679B-CBB0-48E3-BF44-E1883F495ECB}.AppStore|x86.Build.0 = Release|Any CPU
		{D4F7679B-CBB0-48E3-BF44-E1883F495ECB}.AppStore|x86.Deploy.0 = Release|Any CPU
		{D4F7679B-CBB0-48E3-BF44-E1883F495ECB}.Debug|Any CPU.ActiveCfg = Debug|Any CPU
		{D4F7679B-CBB0-48E3-BF44-E1883F495ECB}.Debug|Any CPU.Build.0 = Debug|Any CPU
		{D4F7679B-CBB0-48E3-BF44-E1883F495ECB}.Debug|Any CPU.Deploy.0 = Debug|Any CPU
		{D4F7679B-CBB0-48E3-BF44-E1883F495ECB}.Debug|ARM.ActiveCfg = Debug|Any CPU
		{D4F7679B-CBB0-48E3-BF44-E1883F495ECB}.Debug|ARM.Build.0 = Debug|Any CPU
		{D4F7679B-CBB0-48E3-BF44-E1883F495ECB}.Debug|ARM.Deploy.0 = Debug|Any CPU
		{D4F7679B-CBB0-48E3-BF44-E1883F495ECB}.Debug|iPhone.ActiveCfg = Debug|Any CPU
		{D4F7679B-CBB0-48E3-BF44-E1883F495ECB}.Debug|iPhone.Build.0 = Debug|Any CPU
		{D4F7679B-CBB0-48E3-BF44-E1883F495ECB}.Debug|iPhone.Deploy.0 = Debug|Any CPU
		{D4F7679B-CBB0-48E3-BF44-E1883F495ECB}.Debug|iPhoneSimulator.ActiveCfg = Debug|Any CPU
		{D4F7679B-CBB0-48E3-BF44-E1883F495ECB}.Debug|iPhoneSimulator.Build.0 = Debug|Any CPU
		{D4F7679B-CBB0-48E3-BF44-E1883F495ECB}.Debug|iPhoneSimulator.Deploy.0 = Debug|Any CPU
		{D4F7679B-CBB0-48E3-BF44-E1883F495ECB}.Debug|x86.ActiveCfg = Debug|Any CPU
		{D4F7679B-CBB0-48E3-BF44-E1883F495ECB}.Debug|x86.Build.0 = Debug|Any CPU
		{D4F7679B-CBB0-48E3-BF44-E1883F495ECB}.Debug|x86.Deploy.0 = Debug|Any CPU
		{D4F7679B-CBB0-48E3-BF44-E1883F495ECB}.Release|Any CPU.ActiveCfg = Release|Any CPU
		{D4F7679B-CBB0-48E3-BF44-E1883F495ECB}.Release|Any CPU.Build.0 = Release|Any CPU
		{D4F7679B-CBB0-48E3-BF44-E1883F495ECB}.Release|Any CPU.Deploy.0 = Release|Any CPU
		{D4F7679B-CBB0-48E3-BF44-E1883F495ECB}.Release|ARM.ActiveCfg = Release|Any CPU
		{D4F7679B-CBB0-48E3-BF44-E1883F495ECB}.Release|ARM.Build.0 = Release|Any CPU
		{D4F7679B-CBB0-48E3-BF44-E1883F495ECB}.Release|ARM.Deploy.0 = Release|Any CPU
		{D4F7679B-CBB0-48E3-BF44-E1883F495ECB}.Release|iPhone.ActiveCfg = Release|Any CPU
		{D4F7679B-CBB0-48E3-BF44-E1883F495ECB}.Release|iPhone.Build.0 = Release|Any CPU
		{D4F7679B-CBB0-48E3-BF44-E1883F495ECB}.Release|iPhone.Deploy.0 = Release|Any CPU
		{D4F7679B-CBB0-48E3-BF44-E1883F495ECB}.Release|iPhoneSimulator.ActiveCfg = Release|Any CPU
		{D4F7679B-CBB0-48E3-BF44-E1883F495ECB}.Release|iPhoneSimulator.Build.0 = Release|Any CPU
		{D4F7679B-CBB0-48E3-BF44-E1883F495ECB}.Release|iPhoneSimulator.Deploy.0 = Release|Any CPU
		{D4F7679B-CBB0-48E3-BF44-E1883F495ECB}.Release|x86.ActiveCfg = Release|Any CPU
		{D4F7679B-CBB0-48E3-BF44-E1883F495ECB}.Release|x86.Build.0 = Release|Any CPU
		{D4F7679B-CBB0-48E3-BF44-E1883F495ECB}.Release|x86.Deploy.0 = Release|Any CPU
		{931126BD-8D09-4EAA-BF73-0BD1E628AB79}.Ad-Hoc|Any CPU.ActiveCfg = Release|Any CPU
		{931126BD-8D09-4EAA-BF73-0BD1E628AB79}.Ad-Hoc|Any CPU.Build.0 = Release|Any CPU
		{931126BD-8D09-4EAA-BF73-0BD1E628AB79}.Ad-Hoc|Any CPU.Deploy.0 = Release|Any CPU
		{931126BD-8D09-4EAA-BF73-0BD1E628AB79}.Ad-Hoc|ARM.ActiveCfg = Release|ARM
		{931126BD-8D09-4EAA-BF73-0BD1E628AB79}.Ad-Hoc|ARM.Build.0 = Release|ARM
		{931126BD-8D09-4EAA-BF73-0BD1E628AB79}.Ad-Hoc|ARM.Deploy.0 = Release|ARM
		{931126BD-8D09-4EAA-BF73-0BD1E628AB79}.Ad-Hoc|iPhone.ActiveCfg = Release|Any CPU
		{931126BD-8D09-4EAA-BF73-0BD1E628AB79}.Ad-Hoc|iPhone.Build.0 = Release|Any CPU
		{931126BD-8D09-4EAA-BF73-0BD1E628AB79}.Ad-Hoc|iPhone.Deploy.0 = Release|Any CPU
		{931126BD-8D09-4EAA-BF73-0BD1E628AB79}.Ad-Hoc|iPhoneSimulator.ActiveCfg = Release|Any CPU
		{931126BD-8D09-4EAA-BF73-0BD1E628AB79}.Ad-Hoc|iPhoneSimulator.Build.0 = Release|Any CPU
		{931126BD-8D09-4EAA-BF73-0BD1E628AB79}.Ad-Hoc|iPhoneSimulator.Deploy.0 = Release|Any CPU
		{931126BD-8D09-4EAA-BF73-0BD1E628AB79}.Ad-Hoc|x86.ActiveCfg = Release|x86
		{931126BD-8D09-4EAA-BF73-0BD1E628AB79}.Ad-Hoc|x86.Build.0 = Release|x86
		{931126BD-8D09-4EAA-BF73-0BD1E628AB79}.Ad-Hoc|x86.Deploy.0 = Release|x86
		{931126BD-8D09-4EAA-BF73-0BD1E628AB79}.AppStore|Any CPU.ActiveCfg = Release|Any CPU
		{931126BD-8D09-4EAA-BF73-0BD1E628AB79}.AppStore|Any CPU.Build.0 = Release|Any CPU
		{931126BD-8D09-4EAA-BF73-0BD1E628AB79}.AppStore|Any CPU.Deploy.0 = Release|Any CPU
		{931126BD-8D09-4EAA-BF73-0BD1E628AB79}.AppStore|ARM.ActiveCfg = Release|ARM
		{931126BD-8D09-4EAA-BF73-0BD1E628AB79}.AppStore|ARM.Build.0 = Release|ARM
		{931126BD-8D09-4EAA-BF73-0BD1E628AB79}.AppStore|ARM.Deploy.0 = Release|ARM
		{931126BD-8D09-4EAA-BF73-0BD1E628AB79}.AppStore|iPhone.ActiveCfg = Release|Any CPU
		{931126BD-8D09-4EAA-BF73-0BD1E628AB79}.AppStore|iPhone.Build.0 = Release|Any CPU
		{931126BD-8D09-4EAA-BF73-0BD1E628AB79}.AppStore|iPhone.Deploy.0 = Release|Any CPU
		{931126BD-8D09-4EAA-BF73-0BD1E628AB79}.AppStore|iPhoneSimulator.ActiveCfg = Release|Any CPU
		{931126BD-8D09-4EAA-BF73-0BD1E628AB79}.AppStore|iPhoneSimulator.Build.0 = Release|Any CPU
		{931126BD-8D09-4EAA-BF73-0BD1E628AB79}.AppStore|iPhoneSimulator.Deploy.0 = Release|Any CPU
		{931126BD-8D09-4EAA-BF73-0BD1E628AB79}.AppStore|x86.ActiveCfg = Release|x86
		{931126BD-8D09-4EAA-BF73-0BD1E628AB79}.AppStore|x86.Build.0 = Release|x86
		{931126BD-8D09-4EAA-BF73-0BD1E628AB79}.AppStore|x86.Deploy.0 = Release|x86
		{931126BD-8D09-4EAA-BF73-0BD1E628AB79}.Debug|Any CPU.ActiveCfg = Debug|Any CPU
		{931126BD-8D09-4EAA-BF73-0BD1E628AB79}.Debug|Any CPU.Build.0 = Debug|Any CPU
		{931126BD-8D09-4EAA-BF73-0BD1E628AB79}.Debug|Any CPU.Deploy.0 = Debug|Any CPU
		{931126BD-8D09-4EAA-BF73-0BD1E628AB79}.Debug|ARM.ActiveCfg = Debug|ARM
		{931126BD-8D09-4EAA-BF73-0BD1E628AB79}.Debug|ARM.Build.0 = Debug|ARM
		{931126BD-8D09-4EAA-BF73-0BD1E628AB79}.Debug|ARM.Deploy.0 = Debug|ARM
		{931126BD-8D09-4EAA-BF73-0BD1E628AB79}.Debug|iPhone.ActiveCfg = Debug|Any CPU
		{931126BD-8D09-4EAA-BF73-0BD1E628AB79}.Debug|iPhone.Build.0 = Debug|Any CPU
		{931126BD-8D09-4EAA-BF73-0BD1E628AB79}.Debug|iPhone.Deploy.0 = Debug|Any CPU
		{931126BD-8D09-4EAA-BF73-0BD1E628AB79}.Debug|iPhoneSimulator.ActiveCfg = Debug|Any CPU
		{931126BD-8D09-4EAA-BF73-0BD1E628AB79}.Debug|iPhoneSimulator.Build.0 = Debug|Any CPU
		{931126BD-8D09-4EAA-BF73-0BD1E628AB79}.Debug|iPhoneSimulator.Deploy.0 = Debug|Any CPU
		{931126BD-8D09-4EAA-BF73-0BD1E628AB79}.Debug|x86.ActiveCfg = Debug|x86
		{931126BD-8D09-4EAA-BF73-0BD1E628AB79}.Debug|x86.Build.0 = Debug|x86
		{931126BD-8D09-4EAA-BF73-0BD1E628AB79}.Debug|x86.Deploy.0 = Debug|x86
		{931126BD-8D09-4EAA-BF73-0BD1E628AB79}.Release|Any CPU.ActiveCfg = Release|Any CPU
		{931126BD-8D09-4EAA-BF73-0BD1E628AB79}.Release|Any CPU.Build.0 = Release|Any CPU
		{931126BD-8D09-4EAA-BF73-0BD1E628AB79}.Release|Any CPU.Deploy.0 = Release|Any CPU
		{931126BD-8D09-4EAA-BF73-0BD1E628AB79}.Release|ARM.ActiveCfg = Release|ARM
		{931126BD-8D09-4EAA-BF73-0BD1E628AB79}.Release|ARM.Build.0 = Release|ARM
		{931126BD-8D09-4EAA-BF73-0BD1E628AB79}.Release|ARM.Deploy.0 = Release|ARM
		{931126BD-8D09-4EAA-BF73-0BD1E628AB79}.Release|iPhone.ActiveCfg = Release|Any CPU
		{931126BD-8D09-4EAA-BF73-0BD1E628AB79}.Release|iPhone.Build.0 = Release|Any CPU
		{931126BD-8D09-4EAA-BF73-0BD1E628AB79}.Release|iPhone.Deploy.0 = Release|Any CPU
		{931126BD-8D09-4EAA-BF73-0BD1E628AB79}.Release|iPhoneSimulator.ActiveCfg = Release|Any CPU
		{931126BD-8D09-4EAA-BF73-0BD1E628AB79}.Release|iPhoneSimulator.Build.0 = Release|Any CPU
		{931126BD-8D09-4EAA-BF73-0BD1E628AB79}.Release|iPhoneSimulator.Deploy.0 = Release|Any CPU
		{931126BD-8D09-4EAA-BF73-0BD1E628AB79}.Release|x86.ActiveCfg = Release|x86
		{931126BD-8D09-4EAA-BF73-0BD1E628AB79}.Release|x86.Build.0 = Release|x86
		{931126BD-8D09-4EAA-BF73-0BD1E628AB79}.Release|x86.Deploy.0 = Release|x86
	EndGlobalSection
	GlobalSection(SolutionProperties) = preSolution
		HideSolutionNode = FALSE
	EndGlobalSection
EndGlobal
